// !$*UTF8*$!
{
	archiveVersion = 1;
	classes = {
	};
	objectVersion = 48;
	objects = {

/* Begin PBXBuildFile section */
		A009B22120CE49E500EA6529 /* AppDelegate.swift in Sources */ = {isa = PBXBuildFile; fileRef = A009B22020CE49E500EA6529 /* AppDelegate.swift */; };
		A009B22320CE49E500EA6529 /* ViewController.swift in Sources */ = {isa = PBXBuildFile; fileRef = A009B22220CE49E500EA6529 /* ViewController.swift */; };
		A009B22620CE49E500EA6529 /* Main.storyboard in Resources */ = {isa = PBXBuildFile; fileRef = A009B22420CE49E500EA6529 /* Main.storyboard */; };
		A009B22820CE49E500EA6529 /* Assets.xcassets in Resources */ = {isa = PBXBuildFile; fileRef = A009B22720CE49E500EA6529 /* Assets.xcassets */; };
		A009B22B20CE49E500EA6529 /* LaunchScreen.storyboard in Resources */ = {isa = PBXBuildFile; fileRef = A009B22920CE49E500EA6529 /* LaunchScreen.storyboard */; };
		A009B23320CE4A1600EA6529 /* EventCalendar.swift in Sources */ = {isa = PBXBuildFile; fileRef = A009B23220CE4A1600EA6529 /* EventCalendar.swift */; };
		A07A0F5020CF6056009E8F57 /* EventViewController.swift in Sources */ = {isa = PBXBuildFile; fileRef = A07A0F4F20CF6056009E8F57 /* EventViewController.swift */; };
/* End PBXBuildFile section */

/* Begin PBXFileReference section */
		A009B21D20CE49E500EA6529 /* 日历提醒.app */ = {isa = PBXFileReference; explicitFileType = wrapper.application; includeInIndex = 0; path = "日历提醒.app"; sourceTree = BUILT_PRODUCTS_DIR; };
		A009B22020CE49E500EA6529 /* AppDelegate.swift */ = {isa = PBXFileReference; lastKnownFileType = sourcecode.swift; path = AppDelegate.swift; sourceTree = "<group>"; };
		A009B22220CE49E500EA6529 /* ViewController.swift */ = {isa = PBXFileReference; lastKnownFileType = sourcecode.swift; path = ViewController.swift; sourceTree = "<group>"; };
		A009B22520CE49E500EA6529 /* Base */ = {isa = PBXFileReference; lastKnownFileType = file.storyboard; name = Base; path = Base.lproj/Main.storyboard; sourceTree = "<group>"; };
		A009B22720CE49E500EA6529 /* Assets.xcassets */ = {isa = PBXFileReference; lastKnownFileType = folder.assetcatalog; path = Assets.xcassets; sourceTree = "<group>"; };
		A009B22A20CE49E500EA6529 /* Base */ = {isa = PBXFileReference; lastKnownFileType = file.storyboard; name = Base; path = Base.lproj/LaunchScreen.storyboard; sourceTree = "<group>"; };
		A009B22C20CE49E500EA6529 /* Info.plist */ = {isa = PBXFileReference; lastKnownFileType = text.plist.xml; path = Info.plist; sourceTree = "<group>"; };
		A009B23220CE4A1600EA6529 /* EventCalendar.swift */ = {isa = PBXFileReference; lastKnownFileType = sourcecode.swift; path = EventCalendar.swift; sourceTree = "<group>"; };
		A07A0F4F20CF6056009E8F57 /* EventViewController.swift */ = {isa = PBXFileReference; lastKnownFileType = sourcecode.swift; path = EventViewController.swift; sourceTree = "<group>"; };
/* End PBXFileReference section */

/* Begin PBXFrameworksBuildPhase section */
		A009B21A20CE49E500EA6529 /* Frameworks */ = {
			isa = PBXFrameworksBuildPhase;
			buildActionMask = 2147483647;
			files = (
			);
			runOnlyForDeploymentPostprocessing = 0;
		};
/* End PBXFrameworksBuildPhase section */

/* Begin PBXGroup section */
		A009B21420CE49E500EA6529 = {
			isa = PBXGroup;
			children = (
				A009B21F20CE49E500EA6529 /* 日历提醒 */,
				A009B21E20CE49E500EA6529 /* Products */,
			);
			sourceTree = "<group>";
		};
		A009B21E20CE49E500EA6529 /* Products */ = {
			isa = PBXGroup;
			children = (
				A009B21D20CE49E500EA6529 /* 日历提醒.app */,
			);
			name = Products;
			sourceTree = "<group>";
		};
		A009B21F20CE49E500EA6529 /* 日历提醒 */ = {
			isa = PBXGroup;
			children = (
				A009B22020CE49E500EA6529 /* AppDelegate.swift */,
				A009B22220CE49E500EA6529 /* ViewController.swift */,
				A07A0F4F20CF6056009E8F57 /* EventViewController.swift */,
				A009B23220CE4A1600EA6529 /* EventCalendar.swift */,
				A009B22420CE49E500EA6529 /* Main.storyboard */,
				A009B22720CE49E500EA6529 /* Assets.xcassets */,
				A009B22920CE49E500EA6529 /* LaunchScreen.storyboard */,
				A009B22C20CE49E500EA6529 /* Info.plist */,
			);
			path = "日历提醒";
			sourceTree = "<group>";
		};
/* End PBXGroup section */

/* Begin PBXNativeTarget section */
		A009B21C20CE49E500EA6529 /* 日历提醒 */ = {
			isa = PBXNativeTarget;
			buildConfigurationList = A009B22F20CE49E500EA6529 /* Build configuration list for PBXNativeTarget "日历提醒" */;
			buildPhases = (
				A009B21920CE49E500EA6529 /* Sources */,
				A009B21A20CE49E500EA6529 /* Frameworks */,
				A009B21B20CE49E500EA6529 /* Resources */,
			);
			buildRules = (
			);
			dependencies = (
			);
			name = "日历提醒";
			productName = "日历提醒";
			productReference = A009B21D20CE49E500EA6529 /* 日历提醒.app */;
			productType = "com.apple.product-type.application";
		};
/* End PBXNativeTarget section */

/* Begin PBXProject section */
		A009B21520CE49E500EA6529 /* Project object */ = {
			isa = PBXProject;
			attributes = {
				LastSwiftUpdateCheck = 0920;
				LastUpgradeCheck = 0920;
				ORGANIZATIONNAME = zhaojianwei;
				TargetAttributes = {
					A009B21C20CE49E500EA6529 = {
						CreatedOnToolsVersion = 9.2;
						ProvisioningStyle = Automatic;
					};
				};
			};
			buildConfigurationList = A009B21820CE49E500EA6529 /* Build configuration list for PBXProject "日历提醒" */;
			compatibilityVersion = "Xcode 8.0";
			developmentRegion = en;
			hasScannedForEncodings = 0;
			knownRegions = (
				en,
				Base,
			);
			mainGroup = A009B21420CE49E500EA6529;
			productRefGroup = A009B21E20CE49E500EA6529 /* Products */;
			projectDirPath = "";
			projectRoot = "";
			targets = (
				A009B21C20CE49E500EA6529 /* 日历提醒 */,
			);
		};
/* End PBXProject section */

/* Begin PBXResourcesBuildPhase section */
		A009B21B20CE49E500EA6529 /* Resources */ = {
			isa = PBXResourcesBuildPhase;
			buildActionMask = 2147483647;
			files = (
				A009B22B20CE49E500EA6529 /* LaunchScreen.storyboard in Resources */,
				A009B22820CE49E500EA6529 /* Assets.xcassets in Resources */,
				A009B22620CE49E500EA6529 /* Main.storyboard in Resources */,
			);
			runOnlyForDeploymentPostprocessing = 0;
		};
/* End PBXResourcesBuildPhase section */

/* Begin PBXSourcesBuildPhase section */
		A009B21920CE49E500EA6529 /* Sources */ = {
			isa = PBXSourcesBuildPhase;
			buildActionMask = 2147483647;
			files = (
				A009B22320CE49E500EA6529 /* ViewController.swift in Sources */,
				A07A0F5020CF6056009E8F57 /* EventViewController.swift in Sources */,
				A009B23320CE4A1600EA6529 /* EventCalendar.swift in Sources */,
				A009B22120CE49E500EA6529 /* AppDelegate.swift in Sources */,
			);
			runOnlyForDeploymentPostprocessing = 0;
		};
/* End PBXSourcesBuildPhase section */

/* Begin PBXVariantGroup section */
		A009B22420CE49E500EA6529 /* Main.storyboard */ = {
			isa = PBXVariantGroup;
			children = (
				A009B22520CE49E500EA6529 /* Base */,
			);
			name = Main.storyboard;
			sourceTree = "<group>";
		};
		A009B22920CE49E500EA6529 /* LaunchScreen.storyboard */ = {
			isa = PBXVariantGroup;
			children = (
				A009B22A20CE49E500EA6529 /* Base */,
			);
			name = LaunchScreen.storyboard;
			sourceTree = "<group>";
		};
/* End PBXVariantGroup section */

/* Begin XCBuildConfiguration section */
		A009B22D20CE49E500EA6529 /* Debug */ = {
			isa = XCBuildConfiguration;
			buildSettings = {
				ALWAYS_SEARCH_USER_PATHS = NO;
				CLANG_ANALYZER_NONNULL = YES;
				CLANG_ANALYZER_NUMBER_OBJECT_CONVERSION = YES_AGGRESSIVE;
				CLANG_CXX_LANGUAGE_STANDARD = "gnu++14";
				CLANG_CXX_LIBRARY = "libc++";
				CLANG_ENABLE_MODULES = YES;
				CLANG_ENABLE_OBJC_ARC = YES;
				CLANG_WARN_BLOCK_CAPTURE_AUTORELEASING = YES;
				CLANG_WARN_BOOL_CONVERSION = YES;
				CLANG_WARN_COMMA = YES;
				CLANG_WARN_CONSTANT_CONVERSION = YES;
				CLANG_WARN_DIRECT_OBJC_ISA_USAGE = YES_ERROR;
				CLANG_WARN_DOCUMENTATION_COMMENTS = YES;
				CLANG_WARN_EMPTY_BODY = YES;
				CLANG_WARN_ENUM_CONVERSION = YES;
				CLANG_WARN_INFINITE_RECURSION = YES;
				CLANG_WARN_INT_CONVERSION = YES;
				CLANG_WARN_NON_LITERAL_NULL_CONVERSION = YES;
				CLANG_WARN_OBJC_LITERAL_CONVERSION = YES;
				CLANG_WARN_OBJC_ROOT_CLASS = YES_ERROR;
				CLANG_WARN_RANGE_LOOP_ANALYSIS = YES;
				CLANG_WARN_STRICT_PROTOTYPES = YES;
				CLANG_WARN_SUSPICIOUS_MOVE = YES;
				CLANG_WARN_UNGUARDED_AVAILABILITY = YES_AGGRESSIVE;
				CLANG_WARN_UNREACHABLE_CODE = YES;
				CLANG_WARN__DUPLICATE_METHOD_MATCH = YES;
				CODE_SIGN_IDENTITY = "iPhone Developer";
				COPY_PHASE_STRIP = NO;
				DEBUG_INFORMATION_FORMAT = dwarf;
				ENABLE_STRICT_OBJC_MSGSEND = YES;
				ENABLE_TESTABILITY = YES;
				GCC_C_LANGUAGE_STANDARD = gnu11;
				GCC_DYNAMIC_NO_PIC = NO;
				GCC_NO_COMMON_BLOCKS = YES;
				GCC_OPTIMIZATION_LEVEL = 0;
				GCC_PREPROCESSOR_DEFINITIONS = (
					"DEBUG=1",
					"$(inherited)",
				);
				GCC_WARN_64_TO_32_BIT_CONVERSION = YES;
				GCC_WARN_ABOUT_RETURN_TYPE = YES_ERROR;
				GCC_WARN_UNDECLARED_SELECTOR = YES;
				GCC_WARN_UNINITIALIZED_AUTOS = YES_AGGRESSIVE;
				GCC_WARN_UNUSED_FUNCTION = YES;
				GCC_WARN_UNUSED_VARIABLE = YES;
				IPHONEOS_DEPLOYMENT_TARGET = 11.2;
				MTL_ENABLE_DEBUG_INFO = YES;
				ONLY_ACTIVE_ARCH = YES;
				SDKROOT = iphoneos;
				SWIFT_ACTIVE_COMPILATION_CONDITIONS = DEBUG;
				SWIFT_OPTIMIZATION_LEVEL = "-Onone";
			};
			name = Debug;
		};
		A009B22E20CE49E500EA6529 /* Release */ = {
			isa = XCBuildConfiguration;
			buildSettings = {
				ALWAYS_SEARCH_USER_PATHS = NO;
				CLANG_ANALYZER_NONNULL = YES;
				CLANG_ANALYZER_NUMBER_OBJECT_CONVERSION = YES_AGGRESSIVE;
				CLANG_CXX_LANGUAGE_STANDARD = "gnu++14";
				CLANG_CXX_LIBRARY = "libc++";
				CLANG_ENABLE_MODULES = YES;
				CLANG_ENABLE_OBJC_ARC = YES;
				CLANG_WARN_BLOCK_CAPTURE_AUTORELEASING = YES;
				CLANG_WARN_BOOL_CONVERSION = YES;
				CLANG_WARN_COMMA = YES;
				CLANG_WARN_CONSTANT_CONVERSION = YES;
				CLANG_WARN_DIRECT_OBJC_ISA_USAGE = YES_ERROR;
				CLANG_WARN_DOCUMENTATION_COMMENTS = YES;
				CLANG_WARN_EMPTY_BODY = YES;
				CLANG_WARN_ENUM_CONVERSION = YES;
				CLANG_WARN_INFINITE_RECURSION = YES;
				CLANG_WARN_INT_CONVERSION = YES;
				CLANG_WARN_NON_LITERAL_NULL_CONVERSION = YES;
				CLANG_WARN_OBJC_LITERAL_CONVERSION = YES;
				CLANG_WARN_OBJC_ROOT_CLASS = YES_ERROR;
				CLANG_WARN_RANGE_LOOP_ANALYSIS = YES;
				CLANG_WARN_STRICT_PROTOTYPES = YES;
				CLANG_WARN_SUSPICIOUS_MOVE = YES;
				CLANG_WARN_UNGUARDED_AVAILABILITY = YES_AGGRESSIVE;
				CLANG_WARN_UNREACHABLE_CODE = YES;
				CLANG_WARN__DUPLICATE_METHOD_MATCH = YES;
				CODE_SIGN_IDENTITY = "iPhone Developer";
				COPY_PHASE_STRIP = NO;
				DEBUG_INFORMATION_FORMAT = "dwarf-with-dsym";
				ENABLE_NS_ASSERTIONS = NO;
				ENABLE_STRICT_OBJC_MSGSEND = YES;
				GCC_C_LANGUAGE_STANDARD = gnu11;
				GCC_NO_COMMON_BLOCKS = YES;
				GCC_WARN_64_TO_32_BIT_CONVERSION = YES;
				GCC_WARN_ABOUT_RETURN_TYPE = YES_ERROR;
				GCC_WARN_UNDECLARED_SELECTOR = YES;
				GCC_WARN_UNINITIALIZED_AUTOS = YES_AGGRESSIVE;
				GCC_WARN_UNUSED_FUNCTION = YES;
				GCC_WARN_UNUSED_VARIABLE = YES;
				IPHONEOS_DEPLOYMENT_TARGET = 11.2;
				MTL_ENABLE_DEBUG_INFO = NO;
				SDKROOT = iphoneos;
				SWIFT_OPTIMIZATION_LEVEL = "-Owholemodule";
				VALIDATE_PRODUCT = YES;
			};
			name = Release;
		};
		A009B23020CE49E500EA6529 /* Debug */ = {
			isa = XCBuildConfiguration;
			buildSettings = {
				ASSETCATALOG_COMPILER_APPICON_NAME = AppIcon;
				CODE_SIGN_STYLE = Automatic;
				DEVELOPMENT_TEAM = 6U2HB739NX;
				ENABLE_BITCODE = NO;
				INFOPLIST_FILE = "日历提醒/Info.plist";
				LD_RUNPATH_SEARCH_PATHS = "$(inherited) @executable_path/Frameworks";
				PRODUCT_BUNDLE_IDENTIFIER = "com.zjw.----";
				PRODUCT_NAME = "$(TARGET_NAME)";
				SWIFT_VERSION = 4.0;
				TARGETED_DEVICE_FAMILY = "1,2";
			};
			name = Debug;
		};
		A009B23120CE49E500EA6529 /* Release */ = {
			isa = XCBuildConfiguration;
			buildSettings = {
				ASSETCATALOG_COMPILER_APPICON_NAME = AppIcon;
				CODE_SIGN_STYLE = Automatic;
				DEVELOPMENT_TEAM = 6U2HB739NX;
				ENABLE_BITCODE = NO;
				INFOPLIST_FILE = "日历提醒/Info.plist";
				LD_RUNPATH_SEARCH_PATHS = "$(inherited) @executable_path/Frameworks";
				PRODUCT_BUNDLE_IDENTIFIER = "com.zjw.----";
				PRODUCT_NAME = "$(TARGET_NAME)";
				SWIFT_VERSION = 4.0;
				TARGETED_DEVICE_FAMILY = "1,2";
			};
			name = Release;
		};
/* End XCBuildConfiguration section */

/* Begin XCConfigurationList section */
		A009B21820CE49E500EA6529 /* Build configuration list for PBXProject "日历提醒" */ = {
			isa = XCConfigurationList;
			buildConfigurations = (
				A009B22D20CE49E500EA6529 /* Debug */,
				A009B22E20CE49E500EA6529 /* Release */,
			);
			defaultConfigurationIsVisible = 0;
			defaultConfigurationName = Release;
		};
		A009B22F20CE49E500EA6529 /* Build configuration list for PBXNativeTarget "日历提醒" */ = {
			isa = XCConfigurationList;
			buildConfigurations = (
				A009B23020CE49E500EA6529 /* Debug */,
				A009B23120CE49E500EA6529 /* Release */,
			);
			defaultConfigurationIsVisible = 0;
			defaultConfigurationName = Release;
		};
/* End XCConfigurationList section */
	};
	rootObject = A009B21520CE49E500EA6529 /* Project object */;
}
